
Microsoft Visual Studio Solution File, Format Version 12.00
# Visual Studio Version 17
VisualStudioVersion = 17.6.33815.320
MinimumVisualStudioVersion = 10.0.40219.1
Project("{8BC9CEB8-8B4A-11D0-8D11-00A0C91BC942}") = "Lecture23_Assignment", "Lecture23_Assignment\Lecture23_Assignment.vcxproj", "{0355E068-27DB-44AF-A12A-303932E9F6B0}"
EndProject
Global
	GlobalSection(SolutionConfigurationPlatforms) = preSolution
		Debug|x64 = Debug|x64
		Debug|x86 = Debug|x86
		Release|x64 = Release|x64
		Release|x86 = Release|x86
	EndGlobalSection
	GlobalSection(ProjectConfigurationPlatforms) = postSolution
		{0355E068-27DB-44AF-A12A-303932E9F6B0}.Debug|x64.ActiveCfg = Debug|x64
		{0355E068-27DB-44AF-A12A-303932E9F6B0}.Debug|x64.Build.0 = Debug|x64
		{0355E068-27DB-44AF-A12A-303932E9F6B0}.Debug|x86.ActiveCfg = Debug|Win32
		{0355E068-27DB-44AF-A12A-303932E9F6B0}.Debug|x86.Build.0 = Debug|Win32
		{0355E068-27DB-44AF-A12A-303932E9F6B0}.Release|x64.ActiveCfg = Release|x64
		{0355E068-27DB-44AF-A12A-303932E9F6B0}.Release|x64.Build.0 = Release|x64
		{0355E068-27DB-44AF-A12A-303932E9F6B0}.Release|x86.ActiveCfg = Release|Win32
		{0355E068-27DB-44AF-A12A-303932E9F6B0}.Release|x86.Build.0 = Release|Win32
	EndGlobalSection
	GlobalSection(SolutionProperties) = preSolution
		HideSolutionNode = FALSE
	EndGlobalSection
	GlobalSection(ExtensibilityGlobals) = postSolution
		SolutionGuid = {F0379BBC-82BC-4B43-B2E2-2FB009526690}
	EndGlobalSection
EndGlobal
