
Microsoft Visual Studio Solution File, Format Version 12.00
# Visual Studio Version 17
VisualStudioVersion = 17.6.33815.320
MinimumVisualStudioVersion = 10.0.40219.1
Project("{8BC9CEB8-8B4A-11D0-8D11-00A0C91BC942}") = "Lecture28_Automatic_Type_Inference", "Lecture28_Automatic_Type_Inference\Lecture28_Automatic_Type_Inference.vcxproj", "{57FB4EF8-8314-4F0B-8EE5-88C7AB734276}"
EndProject
Global
	GlobalSection(SolutionConfigurationPlatforms) = preSolution
		Debug|x64 = Debug|x64
		Debug|x86 = Debug|x86
		Release|x64 = Release|x64
		Release|x86 = Release|x86
	EndGlobalSection
	GlobalSection(ProjectConfigurationPlatforms) = postSolution
		{57FB4EF8-8314-4F0B-8EE5-88C7AB734276}.Debug|x64.ActiveCfg = Debug|x64
		{57FB4EF8-8314-4F0B-8EE5-88C7AB734276}.Debug|x64.Build.0 = Debug|x64
		{57FB4EF8-8314-4F0B-8EE5-88C7AB734276}.Debug|x86.ActiveCfg = Debug|Win32
		{57FB4EF8-8314-4F0B-8EE5-88C7AB734276}.Debug|x86.Build.0 = Debug|Win32
		{57FB4EF8-8314-4F0B-8EE5-88C7AB734276}.Release|x64.ActiveCfg = Release|x64
		{57FB4EF8-8314-4F0B-8EE5-88C7AB734276}.Release|x64.Build.0 = Release|x64
		{57FB4EF8-8314-4F0B-8EE5-88C7AB734276}.Release|x86.ActiveCfg = Release|Win32
		{57FB4EF8-8314-4F0B-8EE5-88C7AB734276}.Release|x86.Build.0 = Release|Win32
	EndGlobalSection
	GlobalSection(SolutionProperties) = preSolution
		HideSolutionNode = FALSE
	EndGlobalSection
	GlobalSection(ExtensibilityGlobals) = postSolution
		SolutionGuid = {88719D30-23A1-4A9E-B25E-59AD4BF89C60}
	EndGlobalSection
EndGlobal
